// !$*UTF8*$!
{
	archiveVersion = 1;
	classes = {
	};
	objectVersion = 46;
	objects = {

/* Begin PBXBuildFile section */
		741B51CE1C3F3A3C003455E4 /* main.swift in Sources */ = {isa = PBXBuildFile; fileRef = 741B51CD1C3F3A3C003455E4 /* main.swift */; };
		746373391C4088880027E8B5 /* NSFileHandleExtension.swift in Sources */ = {isa = PBXBuildFile; fileRef = 746373381C4088880027E8B5 /* NSFileHandleExtension.swift */; };
		7463733C1C40935B0027E8B5 /* letter.swift in Sources */ = {isa = PBXBuildFile; fileRef = 7463733A1C40935B0027E8B5 /* letter.swift */; };
		7463733D1C40935B0027E8B5 /* perceptron.swift in Sources */ = {isa = PBXBuildFile; fileRef = 7463733B1C40935B0027E8B5 /* perceptron.swift */; };
/* End PBXBuildFile section */

/* Begin PBXCopyFilesBuildPhase section */
		741B51C81C3F3A3C003455E4 /* CopyFiles */ = {
			isa = PBXCopyFilesBuildPhase;
			buildActionMask = 2147483647;
			dstPath = usr/share/man/man1;
			dstSubfolderSpec = 0;
			files = (
			);
			runOnlyForDeploymentPostprocessing = 1;
		};
/* End PBXCopyFilesBuildPhase section */

/* Begin PBXFileReference section */
		741B51CA1C3F3A3C003455E4 /* perceptron_chars */ = {isa = PBXFileReference; explicitFileType = "compiled.mach-o.executable"; includeInIndex = 0; path = perceptron_chars; sourceTree = BUILT_PRODUCTS_DIR; };
		741B51CD1C3F3A3C003455E4 /* main.swift */ = {isa = PBXFileReference; lastKnownFileType = sourcecode.swift; path = main.swift; sourceTree = "<group>"; };
		746373381C4088880027E8B5 /* NSFileHandleExtension.swift */ = {isa = PBXFileReference; fileEncoding = 4; lastKnownFileType = sourcecode.swift; path = NSFileHandleExtension.swift; sourceTree = "<group>"; };
		7463733A1C40935B0027E8B5 /* letter.swift */ = {isa = PBXFileReference; fileEncoding = 4; lastKnownFileType = sourcecode.swift; name = letter.swift; path = Model/letter.swift; sourceTree = "<group>"; };
		7463733B1C40935B0027E8B5 /* perceptron.swift */ = {isa = PBXFileReference; fileEncoding = 4; lastKnownFileType = sourcecode.swift; name = perceptron.swift; path = Model/perceptron.swift; sourceTree = "<group>"; };
/* End PBXFileReference section */

/* Begin PBXFrameworksBuildPhase section */
		741B51C71C3F3A3C003455E4 /* Frameworks */ = {
			isa = PBXFrameworksBuildPhase;
			buildActionMask = 2147483647;
			files = (
			);
			runOnlyForDeploymentPostprocessing = 0;
		};
/* End PBXFrameworksBuildPhase section */

/* Begin PBXGroup section */
		741B51C11C3F3A3C003455E4 = {
			isa = PBXGroup;
			children = (
				741B51CC1C3F3A3C003455E4 /* Perceptron Character Recognition */,
				741B51CB1C3F3A3C003455E4 /* Products */,
			);
			sourceTree = "<group>";
		};
		741B51CB1C3F3A3C003455E4 /* Products */ = {
			isa = PBXGroup;
			children = (
				741B51CA1C3F3A3C003455E4 /* perceptron_chars */,
			);
			name = Products;
			sourceTree = "<group>";
		};
		741B51CC1C3F3A3C003455E4 /* Perceptron Character Recognition */ = {
			isa = PBXGroup;
			children = (
				7463733E1C409CB20027E8B5 /* Controller */,
				746373371C4088770027E8B5 /* Helpers */,
				741B51CD1C3F3A3C003455E4 /* main.swift */,
				741B51D81C3F7703003455E4 /* Model */,
			);
			path = "Perceptron Character Recognition";
			sourceTree = "<group>";
		};
		741B51D81C3F7703003455E4 /* Model */ = {
			isa = PBXGroup;
			children = (
				7463733A1C40935B0027E8B5 /* letter.swift */,
				7463733B1C40935B0027E8B5 /* perceptron.swift */,
			);
			name = Model;
			sourceTree = "<group>";
		};
		746373371C4088770027E8B5 /* Helpers */ = {
			isa = PBXGroup;
			children = (
				746373381C4088880027E8B5 /* NSFileHandleExtension.swift */,
			);
			name = Helpers;
			sourceTree = "<group>";
		};
		7463733E1C409CB20027E8B5 /* Controller */ = {
			isa = PBXGroup;
			children = (
			);
			name = Controller;
			sourceTree = "<group>";
		};
/* End PBXGroup section */

/* Begin PBXNativeTarget section */
		741B51C91C3F3A3C003455E4 /* perceptron_chars */ = {
			isa = PBXNativeTarget;
			buildConfigurationList = 741B51D11C3F3A3C003455E4 /* Build configuration list for PBXNativeTarget "perceptron_chars" */;
			buildPhases = (
				741B51C61C3F3A3C003455E4 /* Sources */,
				741B51C71C3F3A3C003455E4 /* Frameworks */,
				741B51C81C3F3A3C003455E4 /* CopyFiles */,
			);
			buildRules = (
			);
			dependencies = (
			);
			name = perceptron_chars;
			productName = "Perceptron Character Recognition";
			productReference = 741B51CA1C3F3A3C003455E4 /* perceptron_chars */;
			productType = "com.apple.product-type.tool";
		};
/* End PBXNativeTarget section */

/* Begin PBXProject section */
		741B51C21C3F3A3C003455E4 /* Project object */ = {
			isa = PBXProject;
			attributes = {
				LastSwiftUpdateCheck = 0710;
				LastUpgradeCheck = 0710;
				ORGANIZATIONNAME = "Ryan Bernstein";
				TargetAttributes = {
					741B51C91C3F3A3C003455E4 = {
						CreatedOnToolsVersion = 7.1;
					};
				};
			};
			buildConfigurationList = 741B51C51C3F3A3C003455E4 /* Build configuration list for PBXProject "perceptron_chars" */;
			compatibilityVersion = "Xcode 3.2";
			developmentRegion = English;
			hasScannedForEncodings = 0;
			knownRegions = (
				en,
			);
			mainGroup = 741B51C11C3F3A3C003455E4;
			productRefGroup = 741B51CB1C3F3A3C003455E4 /* Products */;
			projectDirPath = "";
			projectRoot = "";
			targets = (
				741B51C91C3F3A3C003455E4 /* perceptron_chars */,
			);
		};
/* End PBXProject section */

/* Begin PBXSourcesBuildPhase section */
		741B51C61C3F3A3C003455E4 /* Sources */ = {
			isa = PBXSourcesBuildPhase;
			buildActionMask = 2147483647;
			files = (
				746373391C4088880027E8B5 /* NSFileHandleExtension.swift in Sources */,
				7463733D1C40935B0027E8B5 /* perceptron.swift in Sources */,
				7463733C1C40935B0027E8B5 /* letter.swift in Sources */,
				741B51CE1C3F3A3C003455E4 /* main.swift in Sources */,
			);
			runOnlyForDeploymentPostprocessing = 0;
		};
/* End PBXSourcesBuildPhase section */

/* Begin XCBuildConfiguration section */
		741B51CF1C3F3A3C003455E4 /* Debug */ = {
			isa = XCBuildConfiguration;
			buildSettings = {
				ALWAYS_SEARCH_USER_PATHS = NO;
				CLANG_CXX_LANGUAGE_STANDARD = "gnu++0x";
				CLANG_CXX_LIBRARY = "libc++";
				CLANG_ENABLE_MODULES = YES;
				CLANG_ENABLE_OBJC_ARC = YES;
				CLANG_WARN_BOOL_CONVERSION = YES;
				CLANG_WARN_CONSTANT_CONVERSION = YES;
				CLANG_WARN_DIRECT_OBJC_ISA_USAGE = YES_ERROR;
				CLANG_WARN_EMPTY_BODY = YES;
				CLANG_WARN_ENUM_CONVERSION = YES;
				CLANG_WARN_INT_CONVERSION = YES;
				CLANG_WARN_OBJC_ROOT_CLASS = YES_ERROR;
				CLANG_WARN_UNREACHABLE_CODE = YES;
				CLANG_WARN__DUPLICATE_METHOD_MATCH = YES;
				CODE_SIGN_IDENTITY = "-";
				COPY_PHASE_STRIP = NO;
				DEBUG_INFORMATION_FORMAT = dwarf;
				ENABLE_STRICT_OBJC_MSGSEND = YES;
				ENABLE_TESTABILITY = YES;
				GCC_C_LANGUAGE_STANDARD = gnu99;
				GCC_DYNAMIC_NO_PIC = NO;
				GCC_NO_COMMON_BLOCKS = YES;
				GCC_OPTIMIZATION_LEVEL = 0;
				GCC_PREPROCESSOR_DEFINITIONS = (
					"DEBUG=1",
					"$(inherited)",
				);
				GCC_WARN_64_TO_32_BIT_CONVERSION = YES;
				GCC_WARN_ABOUT_RETURN_TYPE = YES_ERROR;
				GCC_WARN_UNDECLARED_SELECTOR = YES;
				GCC_WARN_UNINITIALIZED_AUTOS = YES_AGGRESSIVE;
				GCC_WARN_UNUSED_FUNCTION = YES;
				GCC_WARN_UNUSED_VARIABLE = YES;
				MACOSX_DEPLOYMENT_TARGET = 10.10;
				MTL_ENABLE_DEBUG_INFO = YES;
				ONLY_ACTIVE_ARCH = YES;
				SDKROOT = macosx;
				SWIFT_OPTIMIZATION_LEVEL = "-Onone";
			};
			name = Debug;
		};
		741B51D01C3F3A3C003455E4 /* Release */ = {
			isa = XCBuildConfiguration;
			buildSettings = {
				ALWAYS_SEARCH_USER_PATHS = NO;
				CLANG_CXX_LANGUAGE_STANDARD = "gnu++0x";
				CLANG_CXX_LIBRARY = "libc++";
				CLANG_ENABLE_MODULES = YES;
				CLANG_ENABLE_OBJC_ARC = YES;
				CLANG_WARN_BOOL_CONVERSION = YES;
				CLANG_WARN_CONSTANT_CONVERSION = YES;
				CLANG_WARN_DIRECT_OBJC_ISA_USAGE = YES_ERROR;
				CLANG_WARN_EMPTY_BODY = YES;
				CLANG_WARN_ENUM_CONVERSION = YES;
				CLANG_WARN_INT_CONVERSION = YES;
				CLANG_WARN_OBJC_ROOT_CLASS = YES_ERROR;
				CLANG_WARN_UNREACHABLE_CODE = YES;
				CLANG_WARN__DUPLICATE_METHOD_MATCH = YES;
				CODE_SIGN_IDENTITY = "-";
				COPY_PHASE_STRIP = NO;
				DEBUG_INFORMATION_FORMAT = "dwarf-with-dsym";
				ENABLE_NS_ASSERTIONS = NO;
				ENABLE_STRICT_OBJC_MSGSEND = YES;
				GCC_C_LANGUAGE_STANDARD = gnu99;
				GCC_NO_COMMON_BLOCKS = YES;
				GCC_WARN_64_TO_32_BIT_CONVERSION = YES;
				GCC_WARN_ABOUT_RETURN_TYPE = YES_ERROR;
				GCC_WARN_UNDECLARED_SELECTOR = YES;
				GCC_WARN_UNINITIALIZED_AUTOS = YES_AGGRESSIVE;
				GCC_WARN_UNUSED_FUNCTION = YES;
				GCC_WARN_UNUSED_VARIABLE = YES;
				MACOSX_DEPLOYMENT_TARGET = 10.10;
				MTL_ENABLE_DEBUG_INFO = NO;
				SDKROOT = macosx;
			};
			name = Release;
		};
		741B51D21C3F3A3C003455E4 /* Debug */ = {
			isa = XCBuildConfiguration;
			buildSettings = {
				PRODUCT_NAME = perceptron_chars;
			};
			name = Debug;
		};
		741B51D31C3F3A3C003455E4 /* Release */ = {
			isa = XCBuildConfiguration;
			buildSettings = {
				PRODUCT_NAME = perceptron_chars;
			};
			name = Release;
		};
/* End XCBuildConfiguration section */

/* Begin XCConfigurationList section */
		741B51C51C3F3A3C003455E4 /* Build configuration list for PBXProject "perceptron_chars" */ = {
			isa = XCConfigurationList;
			buildConfigurations = (
				741B51CF1C3F3A3C003455E4 /* Debug */,
				741B51D01C3F3A3C003455E4 /* Release */,
			);
			defaultConfigurationIsVisible = 0;
			defaultConfigurationName = Release;
		};
		741B51D11C3F3A3C003455E4 /* Build configuration list for PBXNativeTarget "perceptron_chars" */ = {
			isa = XCConfigurationList;
			buildConfigurations = (
				741B51D21C3F3A3C003455E4 /* Debug */,
				741B51D31C3F3A3C003455E4 /* Release */,
			);
			defaultConfigurationIsVisible = 0;
			defaultConfigurationName = Release;
		};
/* End XCConfigurationList section */
	};
	rootObject = 741B51C21C3F3A3C003455E4 /* Project object */;
}
